
Microsoft Visual Studio Solution File, Format Version 12.00
# Visual Studio 15
VisualStudioVersion = 15.0.28010.2048
MinimumVisualStudioVersion = 10.0.40219.1
Project("{8BC9CEB8-8B4A-11D0-8D11-00A0C91BC942}") = "2D_GameEngine", "2D_GameEngine\2D_GameEngine.vcxproj", "{DA7B4778-73F0-477F-92C8-7BA7C84923CB}"
EndProject
Global
	GlobalSection(SolutionConfigurationPlatforms) = preSolution
		Debug|x64 = Debug|x64
		Debug|x86 = Debug|x86
		Release|x64 = Release|x64
		Release|x86 = Release|x86
	EndGlobalSection
	GlobalSection(ProjectConfigurationPlatforms) = postSolution
		{DA7B4778-73F0-477F-92C8-7BA7C84923CB}.Debug|x64.ActiveCfg = Debug|x64
		{DA7B4778-73F0-477F-92C8-7BA7C84923CB}.Debug|x64.Build.0 = Debug|x64
		{DA7B4778-73F0-477F-92C8-7BA7C84923CB}.Debug|x86.ActiveCfg = Debug|Win32
		{DA7B4778-73F0-477F-92C8-7BA7C84923CB}.Debug|x86.Build.0 = Debug|Win32
		{DA7B4778-73F0-477F-92C8-7BA7C84923CB}.Release|x64.ActiveCfg = Release|x64
		{DA7B4778-73F0-477F-92C8-7BA7C84923CB}.Release|x64.Build.0 = Release|x64
		{DA7B4778-73F0-477F-92C8-7BA7C84923CB}.Release|x86.ActiveCfg = Release|Win32
		{DA7B4778-73F0-477F-92C8-7BA7C84923CB}.Release|x86.Build.0 = Release|Win32
	EndGlobalSection
	GlobalSection(SolutionProperties) = preSolution
		HideSolutionNode = FALSE
	EndGlobalSection
	GlobalSection(ExtensibilityGlobals) = postSolution
		SolutionGuid = {B212FA19-DBC7-4BB9-A255-938E7661109E}
	EndGlobalSection
EndGlobal
